
Microsoft Visual Studio Solution File, Format Version 12.00
# Visual Studio Version 17
VisualStudioVersion = 17.0.31903.59
MinimumVisualStudioVersion = 10.0.40219.1
Project("{FAE04EC0-301F-11D3-BF4B-00C04F79EFBC}") = "GestionDeFarmacia", "GestionDeFarmacia\GestionDeFarmacia.csproj", "{0126CCCB-756A-4EE0-8367-7258CF708C19}"
EndProject
Project("{FAE04EC0-301F-11D3-BF4B-00C04F79EFBC}") = "GestionDeFarmacia.Tests", "GestionDeFarmacia.Tests\GestionDeFarmacia.Tests.csproj", "{27DB004F-58DF-499F-AE7F-03AB297B4A23}"
EndProject
Global
	GlobalSection(SolutionConfigurationPlatforms) = preSolution
		Debug|Any CPU = Debug|Any CPU
		Release|Any CPU = Release|Any CPU
	EndGlobalSection
	GlobalSection(SolutionProperties) = preSolution
		HideSolutionNode = FALSE
	EndGlobalSection
	GlobalSection(ProjectConfigurationPlatforms) = postSolution
		{0126CCCB-756A-4EE0-8367-7258CF708C19}.Debug|Any CPU.ActiveCfg = Debug|Any CPU
		{0126CCCB-756A-4EE0-8367-7258CF708C19}.Debug|Any CPU.Build.0 = Debug|Any CPU
		{0126CCCB-756A-4EE0-8367-7258CF708C19}.Release|Any CPU.ActiveCfg = Release|Any CPU
		{0126CCCB-756A-4EE0-8367-7258CF708C19}.Release|Any CPU.Build.0 = Release|Any CPU
		{27DB004F-58DF-499F-AE7F-03AB297B4A23}.Debug|Any CPU.ActiveCfg = Debug|Any CPU
		{27DB004F-58DF-499F-AE7F-03AB297B4A23}.Debug|Any CPU.Build.0 = Debug|Any CPU
		{27DB004F-58DF-499F-AE7F-03AB297B4A23}.Release|Any CPU.ActiveCfg = Release|Any CPU
		{27DB004F-58DF-499F-AE7F-03AB297B4A23}.Release|Any CPU.Build.0 = Release|Any CPU
	EndGlobalSection
EndGlobal
